
Microsoft Visual Studio Solution File, Format Version 12.00
# Visual Studio Version 16
VisualStudioVersion = 16.0.31321.278
MinimumVisualStudioVersion = 10.0.40219.1
Project("{8BC9CEB8-8B4A-11D0-8D11-00A0C91BC942}") = "practice10-30", "practice10-30\practice10-30.vcxproj", "{75B10063-93A6-4C60-8249-193A06509390}"
EndProject
Global
	GlobalSection(SolutionConfigurationPlatforms) = preSolution
		Debug|x64 = Debug|x64
		Debug|x86 = Debug|x86
		Release|x64 = Release|x64
		Release|x86 = Release|x86
	EndGlobalSection
	GlobalSection(ProjectConfigurationPlatforms) = postSolution
		{75B10063-93A6-4C60-8249-193A06509390}.Debug|x64.ActiveCfg = Debug|x64
		{75B10063-93A6-4C60-8249-193A06509390}.Debug|x64.Build.0 = Debug|x64
		{75B10063-93A6-4C60-8249-193A06509390}.Debug|x86.ActiveCfg = Debug|Win32
		{75B10063-93A6-4C60-8249-193A06509390}.Debug|x86.Build.0 = Debug|Win32
		{75B10063-93A6-4C60-8249-193A06509390}.Release|x64.ActiveCfg = Release|x64
		{75B10063-93A6-4C60-8249-193A06509390}.Release|x64.Build.0 = Release|x64
		{75B10063-93A6-4C60-8249-193A06509390}.Release|x86.ActiveCfg = Release|Win32
		{75B10063-93A6-4C60-8249-193A06509390}.Release|x86.Build.0 = Release|Win32
	EndGlobalSection
	GlobalSection(SolutionProperties) = preSolution
		HideSolutionNode = FALSE
	EndGlobalSection
	GlobalSection(ExtensibilityGlobals) = postSolution
		SolutionGuid = {7C6BF915-723D-4EAC-83A9-F1BAF9D08B20}
	EndGlobalSection
EndGlobal
