
Microsoft Visual Studio Solution File, Format Version 12.00
# Visual Studio Version 16
VisualStudioVersion = 16.0.31321.278
MinimumVisualStudioVersion = 10.0.40219.1
Project("{8BC9CEB8-8B4A-11D0-8D11-00A0C91BC942}") = "practice10-31", "practice10-31\practice10-31.vcxproj", "{5AC647CD-CA90-4433-A8DA-18D270E7C398}"
EndProject
Global
	GlobalSection(SolutionConfigurationPlatforms) = preSolution
		Debug|x64 = Debug|x64
		Debug|x86 = Debug|x86
		Release|x64 = Release|x64
		Release|x86 = Release|x86
	EndGlobalSection
	GlobalSection(ProjectConfigurationPlatforms) = postSolution
		{5AC647CD-CA90-4433-A8DA-18D270E7C398}.Debug|x64.ActiveCfg = Debug|x64
		{5AC647CD-CA90-4433-A8DA-18D270E7C398}.Debug|x64.Build.0 = Debug|x64
		{5AC647CD-CA90-4433-A8DA-18D270E7C398}.Debug|x86.ActiveCfg = Debug|Win32
		{5AC647CD-CA90-4433-A8DA-18D270E7C398}.Debug|x86.Build.0 = Debug|Win32
		{5AC647CD-CA90-4433-A8DA-18D270E7C398}.Release|x64.ActiveCfg = Release|x64
		{5AC647CD-CA90-4433-A8DA-18D270E7C398}.Release|x64.Build.0 = Release|x64
		{5AC647CD-CA90-4433-A8DA-18D270E7C398}.Release|x86.ActiveCfg = Release|Win32
		{5AC647CD-CA90-4433-A8DA-18D270E7C398}.Release|x86.Build.0 = Release|Win32
	EndGlobalSection
	GlobalSection(SolutionProperties) = preSolution
		HideSolutionNode = FALSE
	EndGlobalSection
	GlobalSection(ExtensibilityGlobals) = postSolution
		SolutionGuid = {A825DB49-CA6A-44DF-A69D-BE95F1165B8E}
	EndGlobalSection
EndGlobal
